
Microsoft Visual Studio Solution File, Format Version 12.00
# Visual Studio Version 17
VisualStudioVersion = 17.5.33424.131
MinimumVisualStudioVersion = 10.0.40219.1
Project("{9A19103F-16F7-4668-BE54-9A1E7A4F7556}") = "ClassesMetodos", "ClassesMetodos\ClassesMetodos.csproj", "{7324BF59-11FF-4DC6-B201-CFBDA3F89BFA}"
EndProject
Project("{9A19103F-16F7-4668-BE54-9A1E7A4F7556}") = "Metodos", "Metodos\Metodos.csproj", "{62942762-F8CF-4E51-B9F2-A40B8B8833FB}"
EndProject
Project("{9A19103F-16F7-4668-BE54-9A1E7A4F7556}") = "MetodosParametros", "MetodosParametros\MetodosParametros.csproj", "{71B6BAA3-A386-4987-8C07-0266EA2A9D0F}"
EndProject
Project("{9A19103F-16F7-4668-BE54-9A1E7A4F7556}") = "MetodosParametros2", "MetodosParametros2\MetodosParametros2.csproj", "{450289A4-B879-465C-8EEE-372C1180D708}"
EndProject
Project("{9A19103F-16F7-4668-BE54-9A1E7A4F7556}") = "Construtores", "Construtores\Construtores.csproj", "{F97792BE-DD0D-457A-B4EB-3BE89EC8D603}"
EndProject
Project("{9A19103F-16F7-4668-BE54-9A1E7A4F7556}") = "Construtores2", "Construtores2\Construtores2.csproj", "{42D2F8AC-8415-4BAC-B8E9-EC5B6E827CC9}"
EndProject
Project("{9A19103F-16F7-4668-BE54-9A1E7A4F7556}") = "This", "This\This.csproj", "{456FA891-5A08-4658-B608-53847C3B0283}"
EndProject
Project("{9A19103F-16F7-4668-BE54-9A1E7A4F7556}") = "This2", "This2\This2.csproj", "{375BAD65-1D43-4E00-A913-124268F55661}"
EndProject
Project("{2150E333-8FDC-42A3-9474-1A3956D46DE8}") = "Exercicios", "Exercicios", "{86F4C5EB-9314-4197-95CE-CF0BE98925E5}"
EndProject
Project("{9A19103F-16F7-4668-BE54-9A1E7A4F7556}") = "Exercicio", "Exercicio\Exercicio.csproj", "{533B82C3-66CD-4433-B3DE-770698F88349}"
EndProject
Project("{9A19103F-16F7-4668-BE54-9A1E7A4F7556}") = "MetodosComRetorno", "MetodosComRetorno\MetodosComRetorno.csproj", "{7A383EFE-C7B3-471C-A0C7-F9810D95934F}"
EndProject
Project("{9A19103F-16F7-4668-BE54-9A1E7A4F7556}") = "Exercicio2", "Exercicio2\Exercicio2.csproj", "{191CDEA2-5A28-40A4-AE62-8D5BA304E503}"
EndProject
Project("{9A19103F-16F7-4668-BE54-9A1E7A4F7556}") = "MetodosComRetorno2", "MetodosComRetorno2\MetodosComRetorno2.csproj", "{637A3F41-7575-424E-8901-13626F1BC811}"
EndProject
Project("{9A19103F-16F7-4668-BE54-9A1E7A4F7556}") = "MetodosComRetornoExemploPratico", "MetodosComRetornoExemploPratico\MetodosComRetornoExemploPratico.csproj", "{DC158CF8-7166-45A4-9AFA-EB79376A97C4}"
EndProject
Project("{9A19103F-16F7-4668-BE54-9A1E7A4F7556}") = "PassandoArgumentosPorValor", "PassandoArgumentosPorValor\PassandoArgumentosPorValor.csproj", "{496044CB-9215-41BC-B200-18A963E7C49F}"
EndProject
Project("{9A19103F-16F7-4668-BE54-9A1E7A4F7556}") = "PassandoArgumentosPorReferencia", "PassandoArgumentosPorReferencia\PassandoArgumentosPorReferencia.csproj", "{BC7476B8-FE21-44FD-85D2-F898A5B748F7}"
EndProject
Project("{9A19103F-16F7-4668-BE54-9A1E7A4F7556}") = "Exercicio3", "Exercicio3\Exercicio3.csproj", "{DDB4DEC6-02C9-4DB1-B464-74E0525F3404}"
EndProject
Project("{9A19103F-16F7-4668-BE54-9A1E7A4F7556}") = "PassagemParametrosReferenciaOut", "PassagemParametrosReferenciaOut\PassagemParametrosReferenciaOut.csproj", "{04C8C125-879A-4A70-B4ED-598E64A35358}"
EndProject
Project("{9A19103F-16F7-4668-BE54-9A1E7A4F7556}") = "Exercicio4", "Exercicio4\Exercicio4.csproj", "{E0C89D6B-5CF6-4374-B82C-6D94572C2900}"
EndProject
Project("{9A19103F-16F7-4668-BE54-9A1E7A4F7556}") = "ArgumentosNomeados", "ArgumentosNomeados\ArgumentosNomeados.csproj", "{6FE04772-AD21-4EA3-A36D-53D3903AB64B}"
EndProject
Project("{9A19103F-16F7-4668-BE54-9A1E7A4F7556}") = "Metodos_ParametrosOpcionais", "Metodos_ParametrosOpcionais\Metodos_ParametrosOpcionais.csproj", "{369282DD-09B9-4822-8844-7D9E49C1F94D}"
EndProject
Project("{9A19103F-16F7-4668-BE54-9A1E7A4F7556}") = "Exercicio5", "Exercicio5\Exercicio5.csproj", "{C1A39523-548E-4B33-9425-E6C6E6AEF2D1}"
EndProject
Project("{9A19103F-16F7-4668-BE54-9A1E7A4F7556}") = "MetodosEstaticos", "MetodosEstaticos\MetodosEstaticos.csproj", "{46D915A7-9976-49EF-BCB8-C8E185C72F02}"
EndProject
Project("{FAE04EC0-301F-11D3-BF4B-00C04F79EFBC}") = "CamposEstaticos", "CamposEstaticos\CamposEstaticos.csproj", "{56A94546-0F0C-4F40-B3E8-C82F15A17908}"
EndProject
Project("{FAE04EC0-301F-11D3-BF4B-00C04F79EFBC}") = "CamposEstaticosExercicio", "CamposEstaticosExercicio\CamposEstaticosExercicio.csproj", "{E85C0DE4-D0BA-417B-BFB6-AE3076F0FEBE}"
EndProject
Project("{FAE04EC0-301F-11D3-BF4B-00C04F79EFBC}") = "Exercicio6", "Exercicio6\Exercicio6.csproj", "{9BACC1EA-16AB-4382-B5A9-BFCA29B569F3}"
EndProject
Project("{FAE04EC0-301F-11D3-BF4B-00C04F79EFBC}") = "ConstrutorEstatico", "ConstrutorEstatico\ConstrutorEstatico.csproj", "{6618FF4A-5573-4962-A764-F0B16B931ABD}"
EndProject
Project("{FAE04EC0-301F-11D3-BF4B-00C04F79EFBC}") = "Propriedades", "Propriedades\Propriedades.csproj", "{CA009D17-B873-43D8-A571-05890B402584}"
EndProject
Project("{FAE04EC0-301F-11D3-BF4B-00C04F79EFBC}") = "Exercicio7", "Exercicio7\Exercicio7.csproj", "{FAADF90A-C213-45EE-ABA1-3DD1B348A40A}"
EndProject
Project("{FAE04EC0-301F-11D3-BF4B-00C04F79EFBC}") = "Structs", "Structs\Structs.csproj", "{F7068E41-9843-4D72-B5B4-049FF6B7F8F3}"
EndProject
Project("{FAE04EC0-301F-11D3-BF4B-00C04F79EFBC}") = "Exercicio8", "Exercicio8\Exercicio8.csproj", "{5A15D4DF-27B5-42C2-B6DE-9CA007673698}"
EndProject
Project("{FAE04EC0-301F-11D3-BF4B-00C04F79EFBC}") = "Enumeration", "Enumeration\Enumeration.csproj", "{BC9095DD-3F3D-4EC2-A4D3-26E32D54E92E}"
EndProject
Project("{FAE04EC0-301F-11D3-BF4B-00C04F79EFBC}") = "Exercicio9", "Exercicio9\Exercicio9.csproj", "{F2143F7D-0FBB-4BBD-8672-2CCDF34C2D79}"
EndProject
Project("{FAE04EC0-301F-11D3-BF4B-00C04F79EFBC}") = "ModificadoresAcesso", "ModificadoresAcesso\ModificadoresAcesso.csproj", "{888F999A-FF15-4ECA-8CDE-9A0CBE791129}"
EndProject
Project("{FAE04EC0-301F-11D3-BF4B-00C04F79EFBC}") = "Exercicio10", "Exercicio10\Exercicio10.csproj", "{2FCAB68A-7A6A-4700-9E28-EA8F7CDE19C6}"
EndProject
Project("{FAE04EC0-301F-11D3-BF4B-00C04F79EFBC}") = "TratamentoErros", "TratamentoErros\TratamentoErros.csproj", "{2080F193-B106-4E17-8A83-2DA6C190F7F6}"
EndProject
Project("{FAE04EC0-301F-11D3-BF4B-00C04F79EFBC}") = "TiposAnonimos", "TiposAnonimos\TiposAnonimos.csproj", "{912FEA91-9319-49F5-A6CA-BEDB4D9774B0}"
EndProject
Global
	GlobalSection(SolutionConfigurationPlatforms) = preSolution
		Debug|Any CPU = Debug|Any CPU
		Release|Any CPU = Release|Any CPU
	EndGlobalSection
	GlobalSection(ProjectConfigurationPlatforms) = postSolution
		{7324BF59-11FF-4DC6-B201-CFBDA3F89BFA}.Debug|Any CPU.ActiveCfg = Debug|Any CPU
		{7324BF59-11FF-4DC6-B201-CFBDA3F89BFA}.Debug|Any CPU.Build.0 = Debug|Any CPU
		{7324BF59-11FF-4DC6-B201-CFBDA3F89BFA}.Release|Any CPU.ActiveCfg = Release|Any CPU
		{7324BF59-11FF-4DC6-B201-CFBDA3F89BFA}.Release|Any CPU.Build.0 = Release|Any CPU
		{62942762-F8CF-4E51-B9F2-A40B8B8833FB}.Debug|Any CPU.ActiveCfg = Debug|Any CPU
		{62942762-F8CF-4E51-B9F2-A40B8B8833FB}.Debug|Any CPU.Build.0 = Debug|Any CPU
		{62942762-F8CF-4E51-B9F2-A40B8B8833FB}.Release|Any CPU.ActiveCfg = Release|Any CPU
		{62942762-F8CF-4E51-B9F2-A40B8B8833FB}.Release|Any CPU.Build.0 = Release|Any CPU
		{71B6BAA3-A386-4987-8C07-0266EA2A9D0F}.Debug|Any CPU.ActiveCfg = Debug|Any CPU
		{71B6BAA3-A386-4987-8C07-0266EA2A9D0F}.Debug|Any CPU.Build.0 = Debug|Any CPU
		{71B6BAA3-A386-4987-8C07-0266EA2A9D0F}.Release|Any CPU.ActiveCfg = Release|Any CPU
		{71B6BAA3-A386-4987-8C07-0266EA2A9D0F}.Release|Any CPU.Build.0 = Release|Any CPU
		{450289A4-B879-465C-8EEE-372C1180D708}.Debug|Any CPU.ActiveCfg = Debug|Any CPU
		{450289A4-B879-465C-8EEE-372C1180D708}.Debug|Any CPU.Build.0 = Debug|Any CPU
		{450289A4-B879-465C-8EEE-372C1180D708}.Release|Any CPU.ActiveCfg = Release|Any CPU
		{450289A4-B879-465C-8EEE-372C1180D708}.Release|Any CPU.Build.0 = Release|Any CPU
		{F97792BE-DD0D-457A-B4EB-3BE89EC8D603}.Debug|Any CPU.ActiveCfg = Debug|Any CPU
		{F97792BE-DD0D-457A-B4EB-3BE89EC8D603}.Debug|Any CPU.Build.0 = Debug|Any CPU
		{F97792BE-DD0D-457A-B4EB-3BE89EC8D603}.Release|Any CPU.ActiveCfg = Release|Any CPU
		{F97792BE-DD0D-457A-B4EB-3BE89EC8D603}.Release|Any CPU.Build.0 = Release|Any CPU
		{42D2F8AC-8415-4BAC-B8E9-EC5B6E827CC9}.Debug|Any CPU.ActiveCfg = Debug|Any CPU
		{42D2F8AC-8415-4BAC-B8E9-EC5B6E827CC9}.Debug|Any CPU.Build.0 = Debug|Any CPU
		{42D2F8AC-8415-4BAC-B8E9-EC5B6E827CC9}.Release|Any CPU.ActiveCfg = Release|Any CPU
		{42D2F8AC-8415-4BAC-B8E9-EC5B6E827CC9}.Release|Any CPU.Build.0 = Release|Any CPU
		{456FA891-5A08-4658-B608-53847C3B0283}.Debug|Any CPU.ActiveCfg = Debug|Any CPU
		{456FA891-5A08-4658-B608-53847C3B0283}.Debug|Any CPU.Build.0 = Debug|Any CPU
		{456FA891-5A08-4658-B608-53847C3B0283}.Release|Any CPU.ActiveCfg = Release|Any CPU
		{456FA891-5A08-4658-B608-53847C3B0283}.Release|Any CPU.Build.0 = Release|Any CPU
		{375BAD65-1D43-4E00-A913-124268F55661}.Debug|Any CPU.ActiveCfg = Debug|Any CPU
		{375BAD65-1D43-4E00-A913-124268F55661}.Debug|Any CPU.Build.0 = Debug|Any CPU
		{375BAD65-1D43-4E00-A913-124268F55661}.Release|Any CPU.ActiveCfg = Release|Any CPU
		{375BAD65-1D43-4E00-A913-124268F55661}.Release|Any CPU.Build.0 = Release|Any CPU
		{533B82C3-66CD-4433-B3DE-770698F88349}.Debug|Any CPU.ActiveCfg = Debug|Any CPU
		{533B82C3-66CD-4433-B3DE-770698F88349}.Debug|Any CPU.Build.0 = Debug|Any CPU
		{533B82C3-66CD-4433-B3DE-770698F88349}.Release|Any CPU.ActiveCfg = Release|Any CPU
		{533B82C3-66CD-4433-B3DE-770698F88349}.Release|Any CPU.Build.0 = Release|Any CPU
		{7A383EFE-C7B3-471C-A0C7-F9810D95934F}.Debug|Any CPU.ActiveCfg = Debug|Any CPU
		{7A383EFE-C7B3-471C-A0C7-F9810D95934F}.Debug|Any CPU.Build.0 = Debug|Any CPU
		{7A383EFE-C7B3-471C-A0C7-F9810D95934F}.Release|Any CPU.ActiveCfg = Release|Any CPU
		{7A383EFE-C7B3-471C-A0C7-F9810D95934F}.Release|Any CPU.Build.0 = Release|Any CPU
		{191CDEA2-5A28-40A4-AE62-8D5BA304E503}.Debug|Any CPU.ActiveCfg = Debug|Any CPU
		{191CDEA2-5A28-40A4-AE62-8D5BA304E503}.Debug|Any CPU.Build.0 = Debug|Any CPU
		{191CDEA2-5A28-40A4-AE62-8D5BA304E503}.Release|Any CPU.ActiveCfg = Release|Any CPU
		{191CDEA2-5A28-40A4-AE62-8D5BA304E503}.Release|Any CPU.Build.0 = Release|Any CPU
		{637A3F41-7575-424E-8901-13626F1BC811}.Debug|Any CPU.ActiveCfg = Debug|Any CPU
		{637A3F41-7575-424E-8901-13626F1BC811}.Debug|Any CPU.Build.0 = Debug|Any CPU
		{637A3F41-7575-424E-8901-13626F1BC811}.Release|Any CPU.ActiveCfg = Release|Any CPU
		{637A3F41-7575-424E-8901-13626F1BC811}.Release|Any CPU.Build.0 = Release|Any CPU
		{DC158CF8-7166-45A4-9AFA-EB79376A97C4}.Debug|Any CPU.ActiveCfg = Debug|Any CPU
		{DC158CF8-7166-45A4-9AFA-EB79376A97C4}.Debug|Any CPU.Build.0 = Debug|Any CPU
		{DC158CF8-7166-45A4-9AFA-EB79376A97C4}.Release|Any CPU.ActiveCfg = Release|Any CPU
		{DC158CF8-7166-45A4-9AFA-EB79376A97C4}.Release|Any CPU.Build.0 = Release|Any CPU
		{496044CB-9215-41BC-B200-18A963E7C49F}.Debug|Any CPU.ActiveCfg = Debug|Any CPU
		{496044CB-9215-41BC-B200-18A963E7C49F}.Debug|Any CPU.Build.0 = Debug|Any CPU
		{496044CB-9215-41BC-B200-18A963E7C49F}.Release|Any CPU.ActiveCfg = Release|Any CPU
		{496044CB-9215-41BC-B200-18A963E7C49F}.Release|Any CPU.Build.0 = Release|Any CPU
		{BC7476B8-FE21-44FD-85D2-F898A5B748F7}.Debug|Any CPU.ActiveCfg = Debug|Any CPU
		{BC7476B8-FE21-44FD-85D2-F898A5B748F7}.Debug|Any CPU.Build.0 = Debug|Any CPU
		{BC7476B8-FE21-44FD-85D2-F898A5B748F7}.Release|Any CPU.ActiveCfg = Release|Any CPU
		{BC7476B8-FE21-44FD-85D2-F898A5B748F7}.Release|Any CPU.Build.0 = Release|Any CPU
		{DDB4DEC6-02C9-4DB1-B464-74E0525F3404}.Debug|Any CPU.ActiveCfg = Debug|Any CPU
		{DDB4DEC6-02C9-4DB1-B464-74E0525F3404}.Debug|Any CPU.Build.0 = Debug|Any CPU
		{DDB4DEC6-02C9-4DB1-B464-74E0525F3404}.Release|Any CPU.ActiveCfg = Release|Any CPU
		{DDB4DEC6-02C9-4DB1-B464-74E0525F3404}.Release|Any CPU.Build.0 = Release|Any CPU
		{04C8C125-879A-4A70-B4ED-598E64A35358}.Debug|Any CPU.ActiveCfg = Debug|Any CPU
		{04C8C125-879A-4A70-B4ED-598E64A35358}.Debug|Any CPU.Build.0 = Debug|Any CPU
		{04C8C125-879A-4A70-B4ED-598E64A35358}.Release|Any CPU.ActiveCfg = Release|Any CPU
		{04C8C125-879A-4A70-B4ED-598E64A35358}.Release|Any CPU.Build.0 = Release|Any CPU
		{E0C89D6B-5CF6-4374-B82C-6D94572C2900}.Debug|Any CPU.ActiveCfg = Debug|Any CPU
		{E0C89D6B-5CF6-4374-B82C-6D94572C2900}.Debug|Any CPU.Build.0 = Debug|Any CPU
		{E0C89D6B-5CF6-4374-B82C-6D94572C2900}.Release|Any CPU.ActiveCfg = Release|Any CPU
		{E0C89D6B-5CF6-4374-B82C-6D94572C2900}.Release|Any CPU.Build.0 = Release|Any CPU
		{6FE04772-AD21-4EA3-A36D-53D3903AB64B}.Debug|Any CPU.ActiveCfg = Debug|Any CPU
		{6FE04772-AD21-4EA3-A36D-53D3903AB64B}.Debug|Any CPU.Build.0 = Debug|Any CPU
		{6FE04772-AD21-4EA3-A36D-53D3903AB64B}.Release|Any CPU.ActiveCfg = Release|Any CPU
		{6FE04772-AD21-4EA3-A36D-53D3903AB64B}.Release|Any CPU.Build.0 = Release|Any CPU
		{369282DD-09B9-4822-8844-7D9E49C1F94D}.Debug|Any CPU.ActiveCfg = Debug|Any CPU
		{369282DD-09B9-4822-8844-7D9E49C1F94D}.Debug|Any CPU.Build.0 = Debug|Any CPU
		{369282DD-09B9-4822-8844-7D9E49C1F94D}.Release|Any CPU.ActiveCfg = Release|Any CPU
		{369282DD-09B9-4822-8844-7D9E49C1F94D}.Release|Any CPU.Build.0 = Release|Any CPU
		{C1A39523-548E-4B33-9425-E6C6E6AEF2D1}.Debug|Any CPU.ActiveCfg = Debug|Any CPU
		{C1A39523-548E-4B33-9425-E6C6E6AEF2D1}.Debug|Any CPU.Build.0 = Debug|Any CPU
		{C1A39523-548E-4B33-9425-E6C6E6AEF2D1}.Release|Any CPU.ActiveCfg = Release|Any CPU
		{C1A39523-548E-4B33-9425-E6C6E6AEF2D1}.Release|Any CPU.Build.0 = Release|Any CPU
		{46D915A7-9976-49EF-BCB8-C8E185C72F02}.Debug|Any CPU.ActiveCfg = Debug|Any CPU
		{46D915A7-9976-49EF-BCB8-C8E185C72F02}.Debug|Any CPU.Build.0 = Debug|Any CPU
		{46D915A7-9976-49EF-BCB8-C8E185C72F02}.Release|Any CPU.ActiveCfg = Release|Any CPU
		{46D915A7-9976-49EF-BCB8-C8E185C72F02}.Release|Any CPU.Build.0 = Release|Any CPU
		{56A94546-0F0C-4F40-B3E8-C82F15A17908}.Debug|Any CPU.ActiveCfg = Debug|Any CPU
		{56A94546-0F0C-4F40-B3E8-C82F15A17908}.Debug|Any CPU.Build.0 = Debug|Any CPU
		{56A94546-0F0C-4F40-B3E8-C82F15A17908}.Release|Any CPU.ActiveCfg = Release|Any CPU
		{56A94546-0F0C-4F40-B3E8-C82F15A17908}.Release|Any CPU.Build.0 = Release|Any CPU
		{E85C0DE4-D0BA-417B-BFB6-AE3076F0FEBE}.Debug|Any CPU.ActiveCfg = Debug|Any CPU
		{E85C0DE4-D0BA-417B-BFB6-AE3076F0FEBE}.Debug|Any CPU.Build.0 = Debug|Any CPU
		{E85C0DE4-D0BA-417B-BFB6-AE3076F0FEBE}.Release|Any CPU.ActiveCfg = Release|Any CPU
		{E85C0DE4-D0BA-417B-BFB6-AE3076F0FEBE}.Release|Any CPU.Build.0 = Release|Any CPU
		{9BACC1EA-16AB-4382-B5A9-BFCA29B569F3}.Debug|Any CPU.ActiveCfg = Debug|Any CPU
		{9BACC1EA-16AB-4382-B5A9-BFCA29B569F3}.Debug|Any CPU.Build.0 = Debug|Any CPU
		{9BACC1EA-16AB-4382-B5A9-BFCA29B569F3}.Release|Any CPU.ActiveCfg = Release|Any CPU
		{9BACC1EA-16AB-4382-B5A9-BFCA29B569F3}.Release|Any CPU.Build.0 = Release|Any CPU
		{6618FF4A-5573-4962-A764-F0B16B931ABD}.Debug|Any CPU.ActiveCfg = Debug|Any CPU
		{6618FF4A-5573-4962-A764-F0B16B931ABD}.Debug|Any CPU.Build.0 = Debug|Any CPU
		{6618FF4A-5573-4962-A764-F0B16B931ABD}.Release|Any CPU.ActiveCfg = Release|Any CPU
		{6618FF4A-5573-4962-A764-F0B16B931ABD}.Release|Any CPU.Build.0 = Release|Any CPU
		{CA009D17-B873-43D8-A571-05890B402584}.Debug|Any CPU.ActiveCfg = Debug|Any CPU
		{CA009D17-B873-43D8-A571-05890B402584}.Debug|Any CPU.Build.0 = Debug|Any CPU
		{CA009D17-B873-43D8-A571-05890B402584}.Release|Any CPU.ActiveCfg = Release|Any CPU
		{CA009D17-B873-43D8-A571-05890B402584}.Release|Any CPU.Build.0 = Release|Any CPU
		{FAADF90A-C213-45EE-ABA1-3DD1B348A40A}.Debug|Any CPU.ActiveCfg = Debug|Any CPU
		{FAADF90A-C213-45EE-ABA1-3DD1B348A40A}.Debug|Any CPU.Build.0 = Debug|Any CPU
		{FAADF90A-C213-45EE-ABA1-3DD1B348A40A}.Release|Any CPU.ActiveCfg = Release|Any CPU
		{FAADF90A-C213-45EE-ABA1-3DD1B348A40A}.Release|Any CPU.Build.0 = Release|Any CPU
		{F7068E41-9843-4D72-B5B4-049FF6B7F8F3}.Debug|Any CPU.ActiveCfg = Debug|Any CPU
		{F7068E41-9843-4D72-B5B4-049FF6B7F8F3}.Debug|Any CPU.Build.0 = Debug|Any CPU
		{F7068E41-9843-4D72-B5B4-049FF6B7F8F3}.Release|Any CPU.ActiveCfg = Release|Any CPU
		{F7068E41-9843-4D72-B5B4-049FF6B7F8F3}.Release|Any CPU.Build.0 = Release|Any CPU
		{5A15D4DF-27B5-42C2-B6DE-9CA007673698}.Debug|Any CPU.ActiveCfg = Debug|Any CPU
		{5A15D4DF-27B5-42C2-B6DE-9CA007673698}.Debug|Any CPU.Build.0 = Debug|Any CPU
		{5A15D4DF-27B5-42C2-B6DE-9CA007673698}.Release|Any CPU.ActiveCfg = Release|Any CPU
		{5A15D4DF-27B5-42C2-B6DE-9CA007673698}.Release|Any CPU.Build.0 = Release|Any CPU
		{BC9095DD-3F3D-4EC2-A4D3-26E32D54E92E}.Debug|Any CPU.ActiveCfg = Debug|Any CPU
		{BC9095DD-3F3D-4EC2-A4D3-26E32D54E92E}.Debug|Any CPU.Build.0 = Debug|Any CPU
		{BC9095DD-3F3D-4EC2-A4D3-26E32D54E92E}.Release|Any CPU.ActiveCfg = Release|Any CPU
		{BC9095DD-3F3D-4EC2-A4D3-26E32D54E92E}.Release|Any CPU.Build.0 = Release|Any CPU
		{F2143F7D-0FBB-4BBD-8672-2CCDF34C2D79}.Debug|Any CPU.ActiveCfg = Debug|Any CPU
		{F2143F7D-0FBB-4BBD-8672-2CCDF34C2D79}.Debug|Any CPU.Build.0 = Debug|Any CPU
		{F2143F7D-0FBB-4BBD-8672-2CCDF34C2D79}.Release|Any CPU.ActiveCfg = Release|Any CPU
		{F2143F7D-0FBB-4BBD-8672-2CCDF34C2D79}.Release|Any CPU.Build.0 = Release|Any CPU
		{888F999A-FF15-4ECA-8CDE-9A0CBE791129}.Debug|Any CPU.ActiveCfg = Debug|Any CPU
		{888F999A-FF15-4ECA-8CDE-9A0CBE791129}.Debug|Any CPU.Build.0 = Debug|Any CPU
		{888F999A-FF15-4ECA-8CDE-9A0CBE791129}.Release|Any CPU.ActiveCfg = Release|Any CPU
		{888F999A-FF15-4ECA-8CDE-9A0CBE791129}.Release|Any CPU.Build.0 = Release|Any CPU
		{2FCAB68A-7A6A-4700-9E28-EA8F7CDE19C6}.Debug|Any CPU.ActiveCfg = Debug|Any CPU
		{2FCAB68A-7A6A-4700-9E28-EA8F7CDE19C6}.Debug|Any CPU.Build.0 = Debug|Any CPU
		{2FCAB68A-7A6A-4700-9E28-EA8F7CDE19C6}.Release|Any CPU.ActiveCfg = Release|Any CPU
		{2FCAB68A-7A6A-4700-9E28-EA8F7CDE19C6}.Release|Any CPU.Build.0 = Release|Any CPU
		{2080F193-B106-4E17-8A83-2DA6C190F7F6}.Debug|Any CPU.ActiveCfg = Debug|Any CPU
		{2080F193-B106-4E17-8A83-2DA6C190F7F6}.Debug|Any CPU.Build.0 = Debug|Any CPU
		{2080F193-B106-4E17-8A83-2DA6C190F7F6}.Release|Any CPU.ActiveCfg = Release|Any CPU
		{2080F193-B106-4E17-8A83-2DA6C190F7F6}.Release|Any CPU.Build.0 = Release|Any CPU
		{912FEA91-9319-49F5-A6CA-BEDB4D9774B0}.Debug|Any CPU.ActiveCfg = Debug|Any CPU
		{912FEA91-9319-49F5-A6CA-BEDB4D9774B0}.Debug|Any CPU.Build.0 = Debug|Any CPU
		{912FEA91-9319-49F5-A6CA-BEDB4D9774B0}.Release|Any CPU.ActiveCfg = Release|Any CPU
		{912FEA91-9319-49F5-A6CA-BEDB4D9774B0}.Release|Any CPU.Build.0 = Release|Any CPU
	EndGlobalSection
	GlobalSection(SolutionProperties) = preSolution
		HideSolutionNode = FALSE
	EndGlobalSection
	GlobalSection(NestedProjects) = preSolution
		{533B82C3-66CD-4433-B3DE-770698F88349} = {86F4C5EB-9314-4197-95CE-CF0BE98925E5}
		{191CDEA2-5A28-40A4-AE62-8D5BA304E503} = {86F4C5EB-9314-4197-95CE-CF0BE98925E5}
		{DDB4DEC6-02C9-4DB1-B464-74E0525F3404} = {86F4C5EB-9314-4197-95CE-CF0BE98925E5}
		{E0C89D6B-5CF6-4374-B82C-6D94572C2900} = {86F4C5EB-9314-4197-95CE-CF0BE98925E5}
		{C1A39523-548E-4B33-9425-E6C6E6AEF2D1} = {86F4C5EB-9314-4197-95CE-CF0BE98925E5}
		{9BACC1EA-16AB-4382-B5A9-BFCA29B569F3} = {86F4C5EB-9314-4197-95CE-CF0BE98925E5}
		{FAADF90A-C213-45EE-ABA1-3DD1B348A40A} = {86F4C5EB-9314-4197-95CE-CF0BE98925E5}
		{5A15D4DF-27B5-42C2-B6DE-9CA007673698} = {86F4C5EB-9314-4197-95CE-CF0BE98925E5}
		{F2143F7D-0FBB-4BBD-8672-2CCDF34C2D79} = {86F4C5EB-9314-4197-95CE-CF0BE98925E5}
		{2FCAB68A-7A6A-4700-9E28-EA8F7CDE19C6} = {86F4C5EB-9314-4197-95CE-CF0BE98925E5}
	EndGlobalSection
	GlobalSection(ExtensibilityGlobals) = postSolution
		SolutionGuid = {5A5E5A67-8AA7-4797-897B-D5D6D6CB4ABB}
	EndGlobalSection
EndGlobal
